
Microsoft Visual Studio Solution File, Format Version 12.00
# Visual Studio Version 16
VisualStudioVersion = 16.0.31515.178
MinimumVisualStudioVersion = 10.0.40219.1
Project("{FAE04EC0-301F-11D3-BF4B-00C04F79EFBC}") = "WebMefDemo", "WebMefDemo\WebMefDemo.csproj", "{2660B974-026B-4A50-8EA6-A53A3BD92DE3}"
EndProject
Project("{FAE04EC0-301F-11D3-BF4B-00C04F79EFBC}") = "WebMef.Core", "WebMef.Core\WebMef.Core.csproj", "{40F03FD5-8938-4558-9488-7BD0549DE64B}"
EndProject
Project("{FAE04EC0-301F-11D3-BF4B-00C04F79EFBC}") = "WebMef.Plugin1", "WebMef.Plugin1\WebMef.Plugin1.csproj", "{5E1C7AAC-0670-424D-87A1-584A53BF974B}"
EndProject
Project("{FAE04EC0-301F-11D3-BF4B-00C04F79EFBC}") = "WebMef.Plugin2", "WebMef.Plugin2\WebMef.Plugin2.csproj", "{BB5E6880-61D9-426C-AFB7-C12CE4EFFDA2}"
EndProject
Global
	GlobalSection(SolutionConfigurationPlatforms) = preSolution
		Debug|Any CPU = Debug|Any CPU
		Release|Any CPU = Release|Any CPU
	EndGlobalSection
	GlobalSection(ProjectConfigurationPlatforms) = postSolution
		{2660B974-026B-4A50-8EA6-A53A3BD92DE3}.Debug|Any CPU.ActiveCfg = Debug|Any CPU
		{2660B974-026B-4A50-8EA6-A53A3BD92DE3}.Debug|Any CPU.Build.0 = Debug|Any CPU
		{2660B974-026B-4A50-8EA6-A53A3BD92DE3}.Release|Any CPU.ActiveCfg = Release|Any CPU
		{2660B974-026B-4A50-8EA6-A53A3BD92DE3}.Release|Any CPU.Build.0 = Release|Any CPU
		{40F03FD5-8938-4558-9488-7BD0549DE64B}.Debug|Any CPU.ActiveCfg = Debug|Any CPU
		{40F03FD5-8938-4558-9488-7BD0549DE64B}.Debug|Any CPU.Build.0 = Debug|Any CPU
		{40F03FD5-8938-4558-9488-7BD0549DE64B}.Release|Any CPU.ActiveCfg = Release|Any CPU
		{40F03FD5-8938-4558-9488-7BD0549DE64B}.Release|Any CPU.Build.0 = Release|Any CPU
		{5E1C7AAC-0670-424D-87A1-584A53BF974B}.Debug|Any CPU.ActiveCfg = Debug|Any CPU
		{5E1C7AAC-0670-424D-87A1-584A53BF974B}.Debug|Any CPU.Build.0 = Debug|Any CPU
		{5E1C7AAC-0670-424D-87A1-584A53BF974B}.Release|Any CPU.ActiveCfg = Release|Any CPU
		{5E1C7AAC-0670-424D-87A1-584A53BF974B}.Release|Any CPU.Build.0 = Release|Any CPU
		{BB5E6880-61D9-426C-AFB7-C12CE4EFFDA2}.Debug|Any CPU.ActiveCfg = Debug|Any CPU
		{BB5E6880-61D9-426C-AFB7-C12CE4EFFDA2}.Debug|Any CPU.Build.0 = Debug|Any CPU
		{BB5E6880-61D9-426C-AFB7-C12CE4EFFDA2}.Release|Any CPU.ActiveCfg = Release|Any CPU
		{BB5E6880-61D9-426C-AFB7-C12CE4EFFDA2}.Release|Any CPU.Build.0 = Release|Any CPU
	EndGlobalSection
	GlobalSection(SolutionProperties) = preSolution
		HideSolutionNode = FALSE
	EndGlobalSection
	GlobalSection(ExtensibilityGlobals) = postSolution
		SolutionGuid = {6FD7CA76-D1E3-48B5-864E-2BCC456100BA}
	EndGlobalSection
EndGlobal
